// !$*UTF8*$!
{
	archiveVersion = 1;
	classes = {
	};
	objectVersion = 46;
	objects = {

/* Begin PBXBuildFile section */
		0915C2A019419681001F75F7 /* libIosSDKHelper.a in Frameworks */ = {isa = PBXBuildFile; fileRef = 0915C29F19419681001F75F7 /* libIosSDKHelper.a */; };
		09B2F23A18E1242600256A54 /* Foundation.framework in Frameworks */ = {isa = PBXBuildFile; fileRef = 09B2F23918E1242600256A54 /* Foundation.framework */; };
		09B2F23F18E1242600256A54 /* iosGameLogic.h in CopyFiles */ = {isa = PBXBuildFile; fileRef = 09B2F23E18E1242600256A54 /* iosGameLogic.h */; };
		09B2F24118E1242600256A54 /* iosGameLogic.m in Sources */ = {isa = PBXBuildFile; fileRef = 09B2F24018E1242600256A54 /* iosGameLogic.m */; };
		09B2F24918E1242600256A54 /* Foundation.framework in Frameworks */ = {isa = PBXBuildFile; fileRef = 09B2F23918E1242600256A54 /* Foundation.framework */; };
		09B2F24B18E1242600256A54 /* UIKit.framework in Frameworks */ = {isa = PBXBuildFile; fileRef = 09B2F24A18E1242600256A54 /* UIKit.framework */; };
		09B2F24E18E1242600256A54 /* libiosGameLogic.a in Frameworks */ = {isa = PBXBuildFile; fileRef = 09B2F23618E1242600256A54 /* libiosGameLogic.a */; };
		09B2F25418E1242600256A54 /* InfoPlist.strings in Resources */ = {isa = PBXBuildFile; fileRef = 09B2F25218E1242600256A54 /* InfoPlist.strings */; };
		09B2F25618E1242600256A54 /* iosGameLogicTests.m in Sources */ = {isa = PBXBuildFile; fileRef = 09B2F25518E1242600256A54 /* iosGameLogicTests.m */; };
		09B2F27618E1247600256A54 /* SFGameHelper.mm in Sources */ = {isa = PBXBuildFile; fileRef = 09B2F26E18E1247600256A54 /* SFGameHelper.mm */; };
		09B2F27718E1247600256A54 /* SFLoginManager.mm in Sources */ = {isa = PBXBuildFile; fileRef = 09B2F26F18E1247600256A54 /* SFLoginManager.mm */; };
		09B2F27B18E1263200256A54 /* Frontia.framework in Frameworks */ = {isa = PBXBuildFile; fileRef = 09B2F27A18E1263200256A54 /* Frontia.framework */; };
		09B2F27D18E1264200256A54 /* SystemConfiguration.framework in Frameworks */ = {isa = PBXBuildFile; fileRef = 09B2F27C18E1264200256A54 /* SystemConfiguration.framework */; };
		5B58ABE118FD440700C8D691 /* SFGameAnalyzer.cpp in Sources */ = {isa = PBXBuildFile; fileRef = 5B58ABE018FD440700C8D691 /* SFGameAnalyzer.cpp */; };
/* End PBXBuildFile section */

/* Begin PBXContainerItemProxy section */
		09B2F24C18E1242600256A54 /* PBXContainerItemProxy */ = {
			isa = PBXContainerItemProxy;
			containerPortal = 09B2F22E18E1242600256A54 /* Project object */;
			proxyType = 1;
			remoteGlobalIDString = 09B2F23518E1242600256A54;
			remoteInfo = iosGameLogic;
		};
/* End PBXContainerItemProxy section */

/* Begin PBXCopyFilesBuildPhase section */
		09B2F23418E1242600256A54 /* CopyFiles */ = {
			isa = PBXCopyFilesBuildPhase;
			buildActionMask = 2147483647;
			dstPath = "include/$(PRODUCT_NAME)";
			dstSubfolderSpec = 16;
			files = (
				09B2F23F18E1242600256A54 /* iosGameLogic.h in CopyFiles */,
			);
			runOnlyForDeploymentPostprocessing = 0;
		};
/* End PBXCopyFilesBuildPhase section */

/* Begin PBXFileReference section */
		0915C29F19419681001F75F7 /* libIosSDKHelper.a */ = {isa = PBXFileReference; lastKnownFileType = archive.ar; name = libIosSDKHelper.a; path = "../../iosSDk/build/Release-iphoneos/libIosSDKHelper.a"; sourceTree = "<group>"; };
		091B53381924A4BB007EF0AB /* IosSDKHelper.h */ = {isa = PBXFileReference; fileEncoding = 4; lastKnownFileType = sourcecode.c.h; name = IosSDKHelper.h; path = ../../iosSDk/IosSDKHelper.h; sourceTree = "<group>"; };
		09B2F23618E1242600256A54 /* libiosGameLogic.a */ = {isa = PBXFileReference; explicitFileType = archive.ar; includeInIndex = 0; path = libiosGameLogic.a; sourceTree = BUILT_PRODUCTS_DIR; };
		09B2F23918E1242600256A54 /* Foundation.framework */ = {isa = PBXFileReference; lastKnownFileType = wrapper.framework; name = Foundation.framework; path = System/Library/Frameworks/Foundation.framework; sourceTree = SDKROOT; };
		09B2F23D18E1242600256A54 /* iosGameLogic-Prefix.pch */ = {isa = PBXFileReference; lastKnownFileType = sourcecode.c.h; path = "iosGameLogic-Prefix.pch"; sourceTree = "<group>"; };
		09B2F23E18E1242600256A54 /* iosGameLogic.h */ = {isa = PBXFileReference; lastKnownFileType = sourcecode.c.h; path = iosGameLogic.h; sourceTree = "<group>"; };
		09B2F24018E1242600256A54 /* iosGameLogic.m */ = {isa = PBXFileReference; lastKnownFileType = sourcecode.c.objc; path = iosGameLogic.m; sourceTree = "<group>"; };
		09B2F24618E1242600256A54 /* iosGameLogicTests.xctest */ = {isa = PBXFileReference; explicitFileType = wrapper.cfbundle; includeInIndex = 0; path = iosGameLogicTests.xctest; sourceTree = BUILT_PRODUCTS_DIR; };
		09B2F24A18E1242600256A54 /* UIKit.framework */ = {isa = PBXFileReference; lastKnownFileType = wrapper.framework; name = UIKit.framework; path = Library/Frameworks/UIKit.framework; sourceTree = DEVELOPER_DIR; };
		09B2F25118E1242600256A54 /* iosGameLogicTests-Info.plist */ = {isa = PBXFileReference; lastKnownFileType = text.plist.xml; path = "iosGameLogicTests-Info.plist"; sourceTree = "<group>"; };
		09B2F25318E1242600256A54 /* en */ = {isa = PBXFileReference; lastKnownFileType = text.plist.strings; name = en; path = en.lproj/InfoPlist.strings; sourceTree = "<group>"; };
		09B2F25518E1242600256A54 /* iosGameLogicTests.m */ = {isa = PBXFileReference; lastKnownFileType = sourcecode.c.objc; path = iosGameLogicTests.m; sourceTree = "<group>"; };
		09B2F26518E1246300256A54 /* SFGameHelper.h */ = {isa = PBXFileReference; fileEncoding = 4; lastKnownFileType = sourcecode.c.h; path = SFGameHelper.h; sourceTree = "<group>"; };
		09B2F26618E1246300256A54 /* SFLoginManager.h */ = {isa = PBXFileReference; fileEncoding = 4; lastKnownFileType = sourcecode.c.h; path = SFLoginManager.h; sourceTree = "<group>"; };
		09B2F26E18E1247600256A54 /* SFGameHelper.mm */ = {isa = PBXFileReference; fileEncoding = 4; lastKnownFileType = sourcecode.cpp.objcpp; path = SFGameHelper.mm; sourceTree = "<group>"; };
		09B2F26F18E1247600256A54 /* SFLoginManager.mm */ = {isa = PBXFileReference; fileEncoding = 4; lastKnownFileType = sourcecode.cpp.objcpp; path = SFLoginManager.mm; sourceTree = "<group>"; };
		09B2F27A18E1263200256A54 /* Frontia.framework */ = {isa = PBXFileReference; lastKnownFileType = wrapper.framework; name = Frontia.framework; path = ../baidu/Frontia.framework; sourceTree = "<group>"; };
		09B2F27C18E1264200256A54 /* SystemConfiguration.framework */ = {isa = PBXFileReference; lastKnownFileType = wrapper.framework; name = SystemConfiguration.framework; path = System/Library/Frameworks/SystemConfiguration.framework; sourceTree = SDKROOT; };
		09B2F28518E126C200256A54 /* Reachability.h */ = {isa = PBXFileReference; fileEncoding = 4; lastKnownFileType = sourcecode.c.h; name = Reachability.h; path = ../../third_part/Reachability.h; sourceTree = "<group>"; };
		5B58ABDF18FD43EB00C8D691 /* SFGameAnalyzer.h */ = {isa = PBXFileReference; fileEncoding = 4; lastKnownFileType = sourcecode.c.h; path = SFGameAnalyzer.h; sourceTree = "<group>"; };
		5B58ABE018FD440700C8D691 /* SFGameAnalyzer.cpp */ = {isa = PBXFileReference; fileEncoding = 4; lastKnownFileType = sourcecode.cpp.cpp; path = SFGameAnalyzer.cpp; sourceTree = "<group>"; };
/* End PBXFileReference section */

/* Begin PBXFrameworksBuildPhase section */
		09B2F23318E1242600256A54 /* Frameworks */ = {
			isa = PBXFrameworksBuildPhase;
			buildActionMask = 2147483647;
			files = (
				0915C2A019419681001F75F7 /* libIosSDKHelper.a in Frameworks */,
				09B2F27D18E1264200256A54 /* SystemConfiguration.framework in Frameworks */,
				09B2F27B18E1263200256A54 /* Frontia.framework in Frameworks */,
				09B2F23A18E1242600256A54 /* Foundation.framework in Frameworks */,
			);
			runOnlyForDeploymentPostprocessing = 0;
		};
		09B2F24318E1242600256A54 /* Frameworks */ = {
			isa = PBXFrameworksBuildPhase;
			buildActionMask = 2147483647;
			files = (
				09B2F24B18E1242600256A54 /* UIKit.framework in Frameworks */,
				09B2F24E18E1242600256A54 /* libiosGameLogic.a in Frameworks */,
				09B2F24918E1242600256A54 /* Foundation.framework in Frameworks */,
			);
			runOnlyForDeploymentPostprocessing = 0;
		};
/* End PBXFrameworksBuildPhase section */

/* Begin PBXGroup section */
		09B2F22D18E1242600256A54 = {
			isa = PBXGroup;
			children = (
				09B2F23B18E1242600256A54 /* iosGameLogic */,
				09B2F24F18E1242600256A54 /* iosGameLogicTests */,
				09B2F23818E1242600256A54 /* Frameworks */,
				09B2F23718E1242600256A54 /* Products */,
			);
			sourceTree = "<group>";
		};
		09B2F23718E1242600256A54 /* Products */ = {
			isa = PBXGroup;
			children = (
				09B2F23618E1242600256A54 /* libiosGameLogic.a */,
				09B2F24618E1242600256A54 /* iosGameLogicTests.xctest */,
			);
			name = Products;
			sourceTree = "<group>";
		};
		09B2F23818E1242600256A54 /* Frameworks */ = {
			isa = PBXGroup;
			children = (
				09B2F27C18E1264200256A54 /* SystemConfiguration.framework */,
				09B2F27A18E1263200256A54 /* Frontia.framework */,
				09B2F23918E1242600256A54 /* Foundation.framework */,
				09B2F24A18E1242600256A54 /* UIKit.framework */,
			);
			name = Frameworks;
			sourceTree = "<group>";
		};
		09B2F23B18E1242600256A54 /* iosGameLogic */ = {
			isa = PBXGroup;
			children = (
				09B2F28418E126A300256A54 /* third_part */,
				09B2F27E18E1267F00256A54 /* sdk */,
				09B2F26718E1247600256A54 /* sofia */,
				09B2F26118E1246300256A54 /* include */,
				09B2F23E18E1242600256A54 /* iosGameLogic.h */,
				09B2F24018E1242600256A54 /* iosGameLogic.m */,
				09B2F23C18E1242600256A54 /* Supporting Files */,
			);
			path = iosGameLogic;
			sourceTree = "<group>";
		};
		09B2F23C18E1242600256A54 /* Supporting Files */ = {
			isa = PBXGroup;
			children = (
				09B2F23D18E1242600256A54 /* iosGameLogic-Prefix.pch */,
			);
			name = "Supporting Files";
			sourceTree = "<group>";
		};
		09B2F24F18E1242600256A54 /* iosGameLogicTests */ = {
			isa = PBXGroup;
			children = (
				09B2F25518E1242600256A54 /* iosGameLogicTests.m */,
				09B2F25018E1242600256A54 /* Supporting Files */,
			);
			path = iosGameLogicTests;
			sourceTree = "<group>";
		};
		09B2F25018E1242600256A54 /* Supporting Files */ = {
			isa = PBXGroup;
			children = (
				09B2F25118E1242600256A54 /* iosGameLogicTests-Info.plist */,
				09B2F25218E1242600256A54 /* InfoPlist.strings */,
			);
			name = "Supporting Files";
			sourceTree = "<group>";
		};
		09B2F26118E1246300256A54 /* include */ = {
			isa = PBXGroup;
			children = (
				09B2F26218E1246300256A54 /* platform */,
			);
			name = include;
			path = ../../include;
			sourceTree = "<group>";
		};
		09B2F26218E1246300256A54 /* platform */ = {
			isa = PBXGroup;
			children = (
				5B58ABDF18FD43EB00C8D691 /* SFGameAnalyzer.h */,
				09B2F26518E1246300256A54 /* SFGameHelper.h */,
				09B2F26618E1246300256A54 /* SFLoginManager.h */,
			);
			path = platform;
			sourceTree = "<group>";
		};
		09B2F26718E1247600256A54 /* sofia */ = {
			isa = PBXGroup;
			children = (
				09B2F26818E1247600256A54 /* platform */,
			);
			name = sofia;
			path = ../../sofia;
			sourceTree = "<group>";
		};
		09B2F26818E1247600256A54 /* platform */ = {
			isa = PBXGroup;
			children = (
				09B2F26D18E1247600256A54 /* ios */,
			);
			path = platform;
			sourceTree = "<group>";
		};
		09B2F26D18E1247600256A54 /* ios */ = {
			isa = PBXGroup;
			children = (
				5B58ABE018FD440700C8D691 /* SFGameAnalyzer.cpp */,
				09B2F26E18E1247600256A54 /* SFGameHelper.mm */,
				09B2F26F18E1247600256A54 /* SFLoginManager.mm */,
			);
			path = ios;
			sourceTree = "<group>";
		};
		09B2F27E18E1267F00256A54 /* sdk */ = {
			isa = PBXGroup;
			children = (
				0915C29F19419681001F75F7 /* libIosSDKHelper.a */,
				091B53381924A4BB007EF0AB /* IosSDKHelper.h */,
			);
			name = sdk;
			sourceTree = "<group>";
		};
		09B2F28418E126A300256A54 /* third_part */ = {
			isa = PBXGroup;
			children = (
				09B2F28518E126C200256A54 /* Reachability.h */,
			);
			name = third_part;
			sourceTree = "<group>";
		};
/* End PBXGroup section */

/* Begin PBXNativeTarget section */
		09B2F23518E1242600256A54 /* iosGameLogic */ = {
			isa = PBXNativeTarget;
			buildConfigurationList = 09B2F25918E1242600256A54 /* Build configuration list for PBXNativeTarget "iosGameLogic" */;
			buildPhases = (
				09B2F23218E1242600256A54 /* Sources */,
				09B2F23318E1242600256A54 /* Frameworks */,
				09B2F23418E1242600256A54 /* CopyFiles */,
			);
			buildRules = (
			);
			dependencies = (
			);
			name = iosGameLogic;
			productName = iosGameLogic;
			productReference = 09B2F23618E1242600256A54 /* libiosGameLogic.a */;
			productType = "com.apple.product-type.library.static";
		};
		09B2F24518E1242600256A54 /* iosGameLogicTests */ = {
			isa = PBXNativeTarget;
			buildConfigurationList = 09B2F25C18E1242600256A54 /* Build configuration list for PBXNativeTarget "iosGameLogicTests" */;
			buildPhases = (
				09B2F24218E1242600256A54 /* Sources */,
				09B2F24318E1242600256A54 /* Frameworks */,
				09B2F24418E1242600256A54 /* Resources */,
			);
			buildRules = (
			);
			dependencies = (
				09B2F24D18E1242600256A54 /* PBXTargetDependency */,
			);
			name = iosGameLogicTests;
			productName = iosGameLogicTests;
			productReference = 09B2F24618E1242600256A54 /* iosGameLogicTests.xctest */;
			productType = "com.apple.product-type.bundle.unit-test";
		};
/* End PBXNativeTarget section */

/* Begin PBXProject section */
		09B2F22E18E1242600256A54 /* Project object */ = {
			isa = PBXProject;
			attributes = {
				LastUpgradeCheck = 0510;
				ORGANIZATIONNAME = youai;
			};
			buildConfigurationList = 09B2F23118E1242600256A54 /* Build configuration list for PBXProject "iosGameLogic" */;
			compatibilityVersion = "Xcode 3.2";
			developmentRegion = English;
			hasScannedForEncodings = 0;
			knownRegions = (
				en,
			);
			mainGroup = 09B2F22D18E1242600256A54;
			productRefGroup = 09B2F23718E1242600256A54 /* Products */;
			projectDirPath = "";
			projectRoot = "";
			targets = (
				09B2F23518E1242600256A54 /* iosGameLogic */,
				09B2F24518E1242600256A54 /* iosGameLogicTests */,
			);
		};
/* End PBXProject section */

/* Begin PBXResourcesBuildPhase section */
		09B2F24418E1242600256A54 /* Resources */ = {
			isa = PBXResourcesBuildPhase;
			buildActionMask = 2147483647;
			files = (
				09B2F25418E1242600256A54 /* InfoPlist.strings in Resources */,
			);
			runOnlyForDeploymentPostprocessing = 0;
		};
/* End PBXResourcesBuildPhase section */

/* Begin PBXSourcesBuildPhase section */
		09B2F23218E1242600256A54 /* Sources */ = {
			isa = PBXSourcesBuildPhase;
			buildActionMask = 2147483647;
			files = (
				09B2F27718E1247600256A54 /* SFLoginManager.mm in Sources */,
				09B2F24118E1242600256A54 /* iosGameLogic.m in Sources */,
				09B2F27618E1247600256A54 /* SFGameHelper.mm in Sources */,
				5B58ABE118FD440700C8D691 /* SFGameAnalyzer.cpp in Sources */,
			);
			runOnlyForDeploymentPostprocessing = 0;
		};
		09B2F24218E1242600256A54 /* Sources */ = {
			isa = PBXSourcesBuildPhase;
			buildActionMask = 2147483647;
			files = (
				09B2F25618E1242600256A54 /* iosGameLogicTests.m in Sources */,
			);
			runOnlyForDeploymentPostprocessing = 0;
		};
/* End PBXSourcesBuildPhase section */

/* Begin PBXTargetDependency section */
		09B2F24D18E1242600256A54 /* PBXTargetDependency */ = {
			isa = PBXTargetDependency;
			target = 09B2F23518E1242600256A54 /* iosGameLogic */;
			targetProxy = 09B2F24C18E1242600256A54 /* PBXContainerItemProxy */;
		};
/* End PBXTargetDependency section */

/* Begin PBXVariantGroup section */
		09B2F25218E1242600256A54 /* InfoPlist.strings */ = {
			isa = PBXVariantGroup;
			children = (
				09B2F25318E1242600256A54 /* en */,
			);
			name = InfoPlist.strings;
			sourceTree = "<group>";
		};
/* End PBXVariantGroup section */

/* Begin XCBuildConfiguration section */
		09B2F25718E1242600256A54 /* Debug */ = {
			isa = XCBuildConfiguration;
			buildSettings = {
				ALWAYS_SEARCH_USER_PATHS = NO;
				CLANG_CXX_LANGUAGE_STANDARD = "gnu++0x";
				CLANG_CXX_LIBRARY = "libc++";
				CLANG_ENABLE_MODULES = YES;
				CLANG_ENABLE_OBJC_ARC = YES;
				CLANG_WARN_BOOL_CONVERSION = YES;
				CLANG_WARN_CONSTANT_CONVERSION = YES;
				CLANG_WARN_DIRECT_OBJC_ISA_USAGE = YES_ERROR;
				CLANG_WARN_EMPTY_BODY = YES;
				CLANG_WARN_ENUM_CONVERSION = YES;
				CLANG_WARN_INT_CONVERSION = YES;
				CLANG_WARN_OBJC_ROOT_CLASS = YES_ERROR;
				CLANG_WARN__DUPLICATE_METHOD_MATCH = YES;
				COPY_PHASE_STRIP = NO;
				GCC_C_LANGUAGE_STANDARD = gnu99;
				GCC_DYNAMIC_NO_PIC = NO;
				GCC_OPTIMIZATION_LEVEL = 0;
				GCC_PREPROCESSOR_DEFINITIONS = (
					"DEBUG=1",
					"$(inherited)",
				);
				GCC_SYMBOLS_PRIVATE_EXTERN = NO;
				GCC_WARN_64_TO_32_BIT_CONVERSION = YES;
				GCC_WARN_ABOUT_RETURN_TYPE = YES_ERROR;
				GCC_WARN_UNDECLARED_SELECTOR = YES;
				GCC_WARN_UNINITIALIZED_AUTOS = YES_AGGRESSIVE;
				GCC_WARN_UNUSED_FUNCTION = YES;
				GCC_WARN_UNUSED_VARIABLE = YES;
				IPHONEOS_DEPLOYMENT_TARGET = 7.1;
				ONLY_ACTIVE_ARCH = YES;
				SDKROOT = iphoneos;
			};
			name = Debug;
		};
		09B2F25818E1242600256A54 /* Release */ = {
			isa = XCBuildConfiguration;
			buildSettings = {
				ALWAYS_SEARCH_USER_PATHS = NO;
				CLANG_CXX_LANGUAGE_STANDARD = "gnu++0x";
				CLANG_CXX_LIBRARY = "libc++";
				CLANG_ENABLE_MODULES = YES;
				CLANG_ENABLE_OBJC_ARC = YES;
				CLANG_WARN_BOOL_CONVERSION = YES;
				CLANG_WARN_CONSTANT_CONVERSION = YES;
				CLANG_WARN_DIRECT_OBJC_ISA_USAGE = YES_ERROR;
				CLANG_WARN_EMPTY_BODY = YES;
				CLANG_WARN_ENUM_CONVERSION = YES;
				CLANG_WARN_INT_CONVERSION = YES;
				CLANG_WARN_OBJC_ROOT_CLASS = YES_ERROR;
				CLANG_WARN__DUPLICATE_METHOD_MATCH = YES;
				COPY_PHASE_STRIP = YES;
				ENABLE_NS_ASSERTIONS = NO;
				GCC_C_LANGUAGE_STANDARD = gnu99;
				GCC_WARN_64_TO_32_BIT_CONVERSION = YES;
				GCC_WARN_ABOUT_RETURN_TYPE = YES_ERROR;
				GCC_WARN_UNDECLARED_SELECTOR = YES;
				GCC_WARN_UNINITIALIZED_AUTOS = YES_AGGRESSIVE;
				GCC_WARN_UNUSED_FUNCTION = YES;
				GCC_WARN_UNUSED_VARIABLE = YES;
				IPHONEOS_DEPLOYMENT_TARGET = 7.1;
				SDKROOT = iphoneos;
				VALIDATE_PRODUCT = YES;
			};
			name = Release;
		};
		09B2F25A18E1242600256A54 /* Debug */ = {
			isa = XCBuildConfiguration;
			buildSettings = {
				DSTROOT = /tmp/iosGameLogic.dst;
				FRAMEWORK_SEARCH_PATHS = ../baidu;
				GCC_PRECOMPILE_PREFIX_HEADER = YES;
				GCC_PREFIX_HEADER = "iosGameLogic/iosGameLogic-Prefix.pch";
				GCC_PREPROCESSOR_DEFINITIONS = (
					"DEBUG=1",
					"COCOS2D_DEBUG=1",
					CC_TARGET_OS_IPHONE,
					"CC_LUA_ENGINE_ENABLED=1",
				);
				HEADER_SEARCH_PATHS = (
					"$(inherited)",
					/Applications/Xcode.app/Contents/Developer/Toolchains/XcodeDefault.xctoolchain/usr/include,
					"\"../../../framework/include\"",
					"\"../../cocos2dx/include\"",
					"\"../../framework\"",
					"\"../../cocos2dx/platform/third_party/ios\"",
					"\"../../cocos2dx/platform\"",
					"\"../../cocos2dx\"",
					"\"../../extensions\"",
					"\"../../../extensions/AssetsManager\"",
					"\"../../cocos2dx/platform/ios\"",
					"\"../../cocos2dx/kazmath/include\"",
					"\"../../UIControl/include\"",
					"\"../../UIControl\"",
					"\"../../gamelogic\"",
				);
				IPHONEOS_DEPLOYMENT_TARGET = 5.0;
				LIBRARY_SEARCH_PATHS = (
					"$(inherited)",
					/Users/youai/Documents/Sophia/client/trunk/gamelogic/iosSDk/9133,
					/Users/youai/Documents/Sophia/client/trunk/gamelogic/iosSDk/uc,
					"/Users/youai/Documents/Sophia/client/trunk/gamelogic/iosSDk/build/Release-iphoneos",
				);
				OTHER_LDFLAGS = "-ObjC";
				PRODUCT_NAME = "$(TARGET_NAME)";
				SKIP_INSTALL = YES;
			};
			name = Debug;
		};
		09B2F25B18E1242600256A54 /* Release */ = {
			isa = XCBuildConfiguration;
			buildSettings = {
				DSTROOT = /tmp/iosGameLogic.dst;
				FRAMEWORK_SEARCH_PATHS = ../baidu;
				GCC_PRECOMPILE_PREFIX_HEADER = YES;
				GCC_PREFIX_HEADER = "iosGameLogic/iosGameLogic-Prefix.pch";
				GCC_PREPROCESSOR_DEFINITIONS = (
					NDEBUG,
					CC_TARGET_OS_IPHONE,
					"CC_LUA_ENGINE_ENABLED=1",
				);
				HEADER_SEARCH_PATHS = (
					"$(inherited)",
					/Applications/Xcode.app/Contents/Developer/Toolchains/XcodeDefault.xctoolchain/usr/include,
					"\"../../../framework/include\"",
					"\"../../cocos2dx/include\"",
					"\"../../framework\"",
					"\"../../cocos2dx/platform/third_party/ios\"",
					"\"../../cocos2dx/platform\"",
					"\"../../cocos2dx\"",
					"\"../../extensions\"",
					"\"../../../extensions/AssetsManager\"",
					"\"../../cocos2dx/platform/ios\"",
					"\"../../cocos2dx/kazmath/include\"",
					"\"../../UIControl/include\"",
					"\"../../UIControl\"",
					"\"../../gamelogic\"",
				);
				IPHONEOS_DEPLOYMENT_TARGET = 5.0;
				LIBRARY_SEARCH_PATHS = (
					"$(inherited)",
					/Users/youai/Documents/Sophia/client/trunk/gamelogic/iosSDk/9133,
					/Users/youai/Documents/Sophia/client/trunk/gamelogic/iosSDk/uc,
					"/Users/youai/Documents/Sophia/client/trunk/gamelogic/iosSDk/build/Release-iphoneos",
				);
				OTHER_LDFLAGS = "-ObjC";
				PRODUCT_NAME = "$(TARGET_NAME)";
				SKIP_INSTALL = YES;
			};
			name = Release;
		};
		09B2F25D18E1242600256A54 /* Debug */ = {
			isa = XCBuildConfiguration;
			buildSettings = {
				FRAMEWORK_SEARCH_PATHS = (
					"$(SDKROOT)/Developer/Library/Frameworks",
					"$(inherited)",
					"$(DEVELOPER_FRAMEWORKS_DIR)",
				);
				GCC_PRECOMPILE_PREFIX_HEADER = YES;
				GCC_PREFIX_HEADER = "iosGameLogic/iosGameLogic-Prefix.pch";
				GCC_PREPROCESSOR_DEFINITIONS = (
					"DEBUG=1",
					"$(inherited)",
				);
				INFOPLIST_FILE = "iosGameLogicTests/iosGameLogicTests-Info.plist";
				PRODUCT_NAME = "$(TARGET_NAME)";
				WRAPPER_EXTENSION = xctest;
			};
			name = Debug;
		};
		09B2F25E18E1242600256A54 /* Release */ = {
			isa = XCBuildConfiguration;
			buildSettings = {
				FRAMEWORK_SEARCH_PATHS = (
					"$(SDKROOT)/Developer/Library/Frameworks",
					"$(inherited)",
					"$(DEVELOPER_FRAMEWORKS_DIR)",
				);
				GCC_PRECOMPILE_PREFIX_HEADER = YES;
				GCC_PREFIX_HEADER = "iosGameLogic/iosGameLogic-Prefix.pch";
				INFOPLIST_FILE = "iosGameLogicTests/iosGameLogicTests-Info.plist";
				PRODUCT_NAME = "$(TARGET_NAME)";
				WRAPPER_EXTENSION = xctest;
			};
			name = Release;
		};
/* End XCBuildConfiguration section */

/* Begin XCConfigurationList section */
		09B2F23118E1242600256A54 /* Build configuration list for PBXProject "iosGameLogic" */ = {
			isa = XCConfigurationList;
			buildConfigurations = (
				09B2F25718E1242600256A54 /* Debug */,
				09B2F25818E1242600256A54 /* Release */,
			);
			defaultConfigurationIsVisible = 0;
			defaultConfigurationName = Release;
		};
		09B2F25918E1242600256A54 /* Build configuration list for PBXNativeTarget "iosGameLogic" */ = {
			isa = XCConfigurationList;
			buildConfigurations = (
				09B2F25A18E1242600256A54 /* Debug */,
				09B2F25B18E1242600256A54 /* Release */,
			);
			defaultConfigurationIsVisible = 0;
			defaultConfigurationName = Release;
		};
		09B2F25C18E1242600256A54 /* Build configuration list for PBXNativeTarget "iosGameLogicTests" */ = {
			isa = XCConfigurationList;
			buildConfigurations = (
				09B2F25D18E1242600256A54 /* Debug */,
				09B2F25E18E1242600256A54 /* Release */,
			);
			defaultConfigurationIsVisible = 0;
			defaultConfigurationName = Release;
		};
/* End XCConfigurationList section */
	};
	rootObject = 09B2F22E18E1242600256A54 /* Project object */;
}
