
Microsoft Visual Studio Solution File, Format Version 12.00
# Visual Studio 2012
Project("{8BC9CEB8-8B4A-11D0-8D11-00A0C91BC942}") = "libcocos2d", "cocos2dx\proj.win32\cocos2d.vcxproj", "{98A51BA8-FC3A-415B-AC8F-8C7BD464E93E}"
	ProjectSection(ProjectDependencies) = postProject
		{287EEAD4-7FEF-4444-A683-0A088A33D655} = {287EEAD4-7FEF-4444-A683-0A088A33D655}
	EndProjectSection
EndProject
Project("{8BC9CEB8-8B4A-11D0-8D11-00A0C91BC942}") = "libCocosDenshion", "CocosDenshion\proj.win32\CocosDenshion.vcxproj", "{F8EDD7FA-9A51-4E80-BAEB-860825D2EAC6}"
EndProject
Project("{8BC9CEB8-8B4A-11D0-8D11-00A0C91BC942}") = "libExtensions", "extensions\proj.win32\libExtensions.vcxproj", "{21B2C324-891F-48EA-AD1A-5AE13DE12E28}"
EndProject
Project("{8BC9CEB8-8B4A-11D0-8D11-00A0C91BC942}") = "game", "game\proj.win32\game.win32.vcxproj", "{BA0B9C76-3703-433D-B8E7-996461A4377F}"
	ProjectSection(ProjectDependencies) = postProject
		{21B2C324-891F-48EA-AD1A-5AE13DE12E28} = {21B2C324-891F-48EA-AD1A-5AE13DE12E28}
		{3F870279-9765-4652-B0A1-F36890152348} = {3F870279-9765-4652-B0A1-F36890152348}
		{DDC3E27F-004D-4DD4-9DD3-931A013D2159} = {DDC3E27F-004D-4DD4-9DD3-931A013D2159}
		{130ED192-9C5D-4739-A5ED-172ABC616BA8} = {130ED192-9C5D-4739-A5ED-172ABC616BA8}
		{3621FB9B-57DA-4C5D-8C54-EB2D6566D24A} = {3621FB9B-57DA-4C5D-8C54-EB2D6566D24A}
		{98A51BA8-FC3A-415B-AC8F-8C7BD464E93E} = {98A51BA8-FC3A-415B-AC8F-8C7BD464E93E}
		{287EEAD4-7FEF-4444-A683-0A088A33D655} = {287EEAD4-7FEF-4444-A683-0A088A33D655}
		{F8EDD7FA-9A51-4E80-BAEB-860825D2EAC6} = {F8EDD7FA-9A51-4E80-BAEB-860825D2EAC6}
	EndProjectSection
EndProject
Project("{8BC9CEB8-8B4A-11D0-8D11-00A0C91BC942}") = "zpack", "zpack\zpack.vcxproj", "{287EEAD4-7FEF-4444-A683-0A088A33D655}"
EndProject
Project("{8BC9CEB8-8B4A-11D0-8D11-00A0C91BC942}") = "liblua", "scripting\lua\proj.win32\liblua.vcxproj", "{DDC3E27F-004D-4DD4-9DD3-931A013D2159}"
EndProject
Project("{8BC9CEB8-8B4A-11D0-8D11-00A0C91BC942}") = "UIControl", "UIControl\UIControl.vcxproj", "{3F870279-9765-4652-B0A1-F36890152348}"
	ProjectSection(ProjectDependencies) = postProject
		{21B2C324-891F-48EA-AD1A-5AE13DE12E28} = {21B2C324-891F-48EA-AD1A-5AE13DE12E28}
		{98A51BA8-FC3A-415B-AC8F-8C7BD464E93E} = {98A51BA8-FC3A-415B-AC8F-8C7BD464E93E}
	EndProjectSection
EndProject
Project("{8BC9CEB8-8B4A-11D0-8D11-00A0C91BC942}") = "gamelogic", "gamelogic\gamelogic.vcxproj", "{3621FB9B-57DA-4C5D-8C54-EB2D6566D24A}"
EndProject
Project("{8BC9CEB8-8B4A-11D0-8D11-00A0C91BC942}") = "libFramework", "framework\proj.win32\libFramework.vcxproj", "{130ED192-9C5D-4739-A5ED-172ABC616BA8}"
EndProject
Global
	GlobalSection(SolutionConfigurationPlatforms) = preSolution
		Debug|Any CPU = Debug|Any CPU
		Debug|Mixed Platforms = Debug|Mixed Platforms
		Debug|Win32 = Debug|Win32
		editor_debug|Any CPU = editor_debug|Any CPU
		editor_debug|Mixed Platforms = editor_debug|Mixed Platforms
		editor_debug|Win32 = editor_debug|Win32
		editor_release|Any CPU = editor_release|Any CPU
		editor_release|Mixed Platforms = editor_release|Mixed Platforms
		editor_release|Win32 = editor_release|Win32
		Release_editor|Any CPU = Release_editor|Any CPU
		Release_editor|Mixed Platforms = Release_editor|Mixed Platforms
		Release_editor|Win32 = Release_editor|Win32
		Release|Any CPU = Release|Any CPU
		Release|Mixed Platforms = Release|Mixed Platforms
		Release|Win32 = Release|Win32
	EndGlobalSection
	GlobalSection(ProjectConfigurationPlatforms) = postSolution
		{98A51BA8-FC3A-415B-AC8F-8C7BD464E93E}.Debug|Any CPU.ActiveCfg = Debug|Win32
		{98A51BA8-FC3A-415B-AC8F-8C7BD464E93E}.Debug|Mixed Platforms.ActiveCfg = Debug|Win32
		{98A51BA8-FC3A-415B-AC8F-8C7BD464E93E}.Debug|Mixed Platforms.Build.0 = Debug|Win32
		{98A51BA8-FC3A-415B-AC8F-8C7BD464E93E}.Debug|Win32.ActiveCfg = Debug|Win32
		{98A51BA8-FC3A-415B-AC8F-8C7BD464E93E}.Debug|Win32.Build.0 = Debug|Win32
		{98A51BA8-FC3A-415B-AC8F-8C7BD464E93E}.editor_debug|Any CPU.ActiveCfg = Release|Win32
		{98A51BA8-FC3A-415B-AC8F-8C7BD464E93E}.editor_debug|Mixed Platforms.ActiveCfg = Release|Win32
		{98A51BA8-FC3A-415B-AC8F-8C7BD464E93E}.editor_debug|Mixed Platforms.Build.0 = Release|Win32
		{98A51BA8-FC3A-415B-AC8F-8C7BD464E93E}.editor_debug|Win32.ActiveCfg = Release|Win32
		{98A51BA8-FC3A-415B-AC8F-8C7BD464E93E}.editor_debug|Win32.Build.0 = Release|Win32
		{98A51BA8-FC3A-415B-AC8F-8C7BD464E93E}.editor_release|Any CPU.ActiveCfg = Release|Win32
		{98A51BA8-FC3A-415B-AC8F-8C7BD464E93E}.editor_release|Mixed Platforms.ActiveCfg = Release|Win32
		{98A51BA8-FC3A-415B-AC8F-8C7BD464E93E}.editor_release|Mixed Platforms.Build.0 = Release|Win32
		{98A51BA8-FC3A-415B-AC8F-8C7BD464E93E}.editor_release|Win32.ActiveCfg = Release|Win32
		{98A51BA8-FC3A-415B-AC8F-8C7BD464E93E}.editor_release|Win32.Build.0 = Release|Win32
		{98A51BA8-FC3A-415B-AC8F-8C7BD464E93E}.Release_editor|Any CPU.ActiveCfg = Release|Win32
		{98A51BA8-FC3A-415B-AC8F-8C7BD464E93E}.Release_editor|Mixed Platforms.ActiveCfg = Release|Win32
		{98A51BA8-FC3A-415B-AC8F-8C7BD464E93E}.Release_editor|Mixed Platforms.Build.0 = Release|Win32
		{98A51BA8-FC3A-415B-AC8F-8C7BD464E93E}.Release_editor|Win32.ActiveCfg = Release|Win32
		{98A51BA8-FC3A-415B-AC8F-8C7BD464E93E}.Release_editor|Win32.Build.0 = Release|Win32
		{98A51BA8-FC3A-415B-AC8F-8C7BD464E93E}.Release|Any CPU.ActiveCfg = Release|Win32
		{98A51BA8-FC3A-415B-AC8F-8C7BD464E93E}.Release|Mixed Platforms.ActiveCfg = Release|Win32
		{98A51BA8-FC3A-415B-AC8F-8C7BD464E93E}.Release|Mixed Platforms.Build.0 = Release|Win32
		{98A51BA8-FC3A-415B-AC8F-8C7BD464E93E}.Release|Win32.ActiveCfg = Release|Win32
		{98A51BA8-FC3A-415B-AC8F-8C7BD464E93E}.Release|Win32.Build.0 = Release|Win32
		{F8EDD7FA-9A51-4E80-BAEB-860825D2EAC6}.Debug|Any CPU.ActiveCfg = Debug|Win32
		{F8EDD7FA-9A51-4E80-BAEB-860825D2EAC6}.Debug|Mixed Platforms.ActiveCfg = Debug|Win32
		{F8EDD7FA-9A51-4E80-BAEB-860825D2EAC6}.Debug|Mixed Platforms.Build.0 = Debug|Win32
		{F8EDD7FA-9A51-4E80-BAEB-860825D2EAC6}.Debug|Win32.ActiveCfg = Debug|Win32
		{F8EDD7FA-9A51-4E80-BAEB-860825D2EAC6}.Debug|Win32.Build.0 = Debug|Win32
		{F8EDD7FA-9A51-4E80-BAEB-860825D2EAC6}.editor_debug|Any CPU.ActiveCfg = Release|Win32
		{F8EDD7FA-9A51-4E80-BAEB-860825D2EAC6}.editor_debug|Mixed Platforms.ActiveCfg = Release|Win32
		{F8EDD7FA-9A51-4E80-BAEB-860825D2EAC6}.editor_debug|Mixed Platforms.Build.0 = Release|Win32
		{F8EDD7FA-9A51-4E80-BAEB-860825D2EAC6}.editor_debug|Win32.ActiveCfg = Release|Win32
		{F8EDD7FA-9A51-4E80-BAEB-860825D2EAC6}.editor_debug|Win32.Build.0 = Release|Win32
		{F8EDD7FA-9A51-4E80-BAEB-860825D2EAC6}.editor_release|Any CPU.ActiveCfg = Release|Win32
		{F8EDD7FA-9A51-4E80-BAEB-860825D2EAC6}.editor_release|Mixed Platforms.ActiveCfg = Release|Win32
		{F8EDD7FA-9A51-4E80-BAEB-860825D2EAC6}.editor_release|Mixed Platforms.Build.0 = Release|Win32
		{F8EDD7FA-9A51-4E80-BAEB-860825D2EAC6}.editor_release|Win32.ActiveCfg = Release|Win32
		{F8EDD7FA-9A51-4E80-BAEB-860825D2EAC6}.editor_release|Win32.Build.0 = Release|Win32
		{F8EDD7FA-9A51-4E80-BAEB-860825D2EAC6}.Release_editor|Any CPU.ActiveCfg = Release|Win32
		{F8EDD7FA-9A51-4E80-BAEB-860825D2EAC6}.Release_editor|Mixed Platforms.ActiveCfg = Release|Win32
		{F8EDD7FA-9A51-4E80-BAEB-860825D2EAC6}.Release_editor|Mixed Platforms.Build.0 = Release|Win32
		{F8EDD7FA-9A51-4E80-BAEB-860825D2EAC6}.Release_editor|Win32.ActiveCfg = Release|Win32
		{F8EDD7FA-9A51-4E80-BAEB-860825D2EAC6}.Release_editor|Win32.Build.0 = Release|Win32
		{F8EDD7FA-9A51-4E80-BAEB-860825D2EAC6}.Release|Any CPU.ActiveCfg = Release|Win32
		{F8EDD7FA-9A51-4E80-BAEB-860825D2EAC6}.Release|Mixed Platforms.ActiveCfg = Release|Win32
		{F8EDD7FA-9A51-4E80-BAEB-860825D2EAC6}.Release|Mixed Platforms.Build.0 = Release|Win32
		{F8EDD7FA-9A51-4E80-BAEB-860825D2EAC6}.Release|Win32.ActiveCfg = Release|Win32
		{F8EDD7FA-9A51-4E80-BAEB-860825D2EAC6}.Release|Win32.Build.0 = Release|Win32
		{21B2C324-891F-48EA-AD1A-5AE13DE12E28}.Debug|Any CPU.ActiveCfg = Debug|Win32
		{21B2C324-891F-48EA-AD1A-5AE13DE12E28}.Debug|Mixed Platforms.ActiveCfg = Debug|Win32
		{21B2C324-891F-48EA-AD1A-5AE13DE12E28}.Debug|Mixed Platforms.Build.0 = Debug|Win32
		{21B2C324-891F-48EA-AD1A-5AE13DE12E28}.Debug|Win32.ActiveCfg = Debug|Win32
		{21B2C324-891F-48EA-AD1A-5AE13DE12E28}.Debug|Win32.Build.0 = Debug|Win32
		{21B2C324-891F-48EA-AD1A-5AE13DE12E28}.editor_debug|Any CPU.ActiveCfg = Release|Win32
		{21B2C324-891F-48EA-AD1A-5AE13DE12E28}.editor_debug|Mixed Platforms.ActiveCfg = Release|Win32
		{21B2C324-891F-48EA-AD1A-5AE13DE12E28}.editor_debug|Mixed Platforms.Build.0 = Release|Win32
		{21B2C324-891F-48EA-AD1A-5AE13DE12E28}.editor_debug|Win32.ActiveCfg = Release|Win32
		{21B2C324-891F-48EA-AD1A-5AE13DE12E28}.editor_debug|Win32.Build.0 = Release|Win32
		{21B2C324-891F-48EA-AD1A-5AE13DE12E28}.editor_release|Any CPU.ActiveCfg = Release|Win32
		{21B2C324-891F-48EA-AD1A-5AE13DE12E28}.editor_release|Mixed Platforms.ActiveCfg = Release|Win32
		{21B2C324-891F-48EA-AD1A-5AE13DE12E28}.editor_release|Mixed Platforms.Build.0 = Release|Win32
		{21B2C324-891F-48EA-AD1A-5AE13DE12E28}.editor_release|Win32.ActiveCfg = Release|Win32
		{21B2C324-891F-48EA-AD1A-5AE13DE12E28}.editor_release|Win32.Build.0 = Release|Win32
		{21B2C324-891F-48EA-AD1A-5AE13DE12E28}.Release_editor|Any CPU.ActiveCfg = Release|Win32
		{21B2C324-891F-48EA-AD1A-5AE13DE12E28}.Release_editor|Mixed Platforms.ActiveCfg = Release|Win32
		{21B2C324-891F-48EA-AD1A-5AE13DE12E28}.Release_editor|Mixed Platforms.Build.0 = Release|Win32
		{21B2C324-891F-48EA-AD1A-5AE13DE12E28}.Release_editor|Win32.ActiveCfg = Release|Win32
		{21B2C324-891F-48EA-AD1A-5AE13DE12E28}.Release_editor|Win32.Build.0 = Release|Win32
		{21B2C324-891F-48EA-AD1A-5AE13DE12E28}.Release|Any CPU.ActiveCfg = Release|Win32
		{21B2C324-891F-48EA-AD1A-5AE13DE12E28}.Release|Mixed Platforms.ActiveCfg = Release|Win32
		{21B2C324-891F-48EA-AD1A-5AE13DE12E28}.Release|Mixed Platforms.Build.0 = Release|Win32
		{21B2C324-891F-48EA-AD1A-5AE13DE12E28}.Release|Win32.ActiveCfg = Release|Win32
		{21B2C324-891F-48EA-AD1A-5AE13DE12E28}.Release|Win32.Build.0 = Release|Win32
		{BA0B9C76-3703-433D-B8E7-996461A4377F}.Debug|Any CPU.ActiveCfg = Debug|Win32
		{BA0B9C76-3703-433D-B8E7-996461A4377F}.Debug|Mixed Platforms.ActiveCfg = Debug|Win32
		{BA0B9C76-3703-433D-B8E7-996461A4377F}.Debug|Mixed Platforms.Build.0 = Debug|Win32
		{BA0B9C76-3703-433D-B8E7-996461A4377F}.Debug|Win32.ActiveCfg = Debug|Win32
		{BA0B9C76-3703-433D-B8E7-996461A4377F}.Debug|Win32.Build.0 = Debug|Win32
		{BA0B9C76-3703-433D-B8E7-996461A4377F}.editor_debug|Any CPU.ActiveCfg = Release|Win32
		{BA0B9C76-3703-433D-B8E7-996461A4377F}.editor_debug|Mixed Platforms.ActiveCfg = Release|Win32
		{BA0B9C76-3703-433D-B8E7-996461A4377F}.editor_debug|Mixed Platforms.Build.0 = Release|Win32
		{BA0B9C76-3703-433D-B8E7-996461A4377F}.editor_debug|Win32.ActiveCfg = Release|Win32
		{BA0B9C76-3703-433D-B8E7-996461A4377F}.editor_debug|Win32.Build.0 = Release|Win32
		{BA0B9C76-3703-433D-B8E7-996461A4377F}.editor_release|Any CPU.ActiveCfg = Release|Win32
		{BA0B9C76-3703-433D-B8E7-996461A4377F}.editor_release|Mixed Platforms.ActiveCfg = Release|Win32
		{BA0B9C76-3703-433D-B8E7-996461A4377F}.editor_release|Mixed Platforms.Build.0 = Release|Win32
		{BA0B9C76-3703-433D-B8E7-996461A4377F}.editor_release|Win32.ActiveCfg = Release|Win32
		{BA0B9C76-3703-433D-B8E7-996461A4377F}.editor_release|Win32.Build.0 = Release|Win32
		{BA0B9C76-3703-433D-B8E7-996461A4377F}.Release_editor|Any CPU.ActiveCfg = Release|Win32
		{BA0B9C76-3703-433D-B8E7-996461A4377F}.Release_editor|Mixed Platforms.ActiveCfg = Release|Win32
		{BA0B9C76-3703-433D-B8E7-996461A4377F}.Release_editor|Mixed Platforms.Build.0 = Release|Win32
		{BA0B9C76-3703-433D-B8E7-996461A4377F}.Release_editor|Win32.ActiveCfg = Release|Win32
		{BA0B9C76-3703-433D-B8E7-996461A4377F}.Release_editor|Win32.Build.0 = Release|Win32
		{BA0B9C76-3703-433D-B8E7-996461A4377F}.Release|Any CPU.ActiveCfg = Release|Win32
		{BA0B9C76-3703-433D-B8E7-996461A4377F}.Release|Mixed Platforms.ActiveCfg = Release|Win32
		{BA0B9C76-3703-433D-B8E7-996461A4377F}.Release|Mixed Platforms.Build.0 = Release|Win32
		{BA0B9C76-3703-433D-B8E7-996461A4377F}.Release|Win32.ActiveCfg = Release|Win32
		{BA0B9C76-3703-433D-B8E7-996461A4377F}.Release|Win32.Build.0 = Release|Win32
		{287EEAD4-7FEF-4444-A683-0A088A33D655}.Debug|Any CPU.ActiveCfg = Debug|Win32
		{287EEAD4-7FEF-4444-A683-0A088A33D655}.Debug|Mixed Platforms.ActiveCfg = Debug|Win32
		{287EEAD4-7FEF-4444-A683-0A088A33D655}.Debug|Mixed Platforms.Build.0 = Debug|Win32
		{287EEAD4-7FEF-4444-A683-0A088A33D655}.Debug|Win32.ActiveCfg = Debug|Win32
		{287EEAD4-7FEF-4444-A683-0A088A33D655}.Debug|Win32.Build.0 = Debug|Win32
		{287EEAD4-7FEF-4444-A683-0A088A33D655}.editor_debug|Any CPU.ActiveCfg = Release_editor|Win32
		{287EEAD4-7FEF-4444-A683-0A088A33D655}.editor_debug|Mixed Platforms.ActiveCfg = Release_editor|Win32
		{287EEAD4-7FEF-4444-A683-0A088A33D655}.editor_debug|Mixed Platforms.Build.0 = Release_editor|Win32
		{287EEAD4-7FEF-4444-A683-0A088A33D655}.editor_debug|Win32.ActiveCfg = Release|Win32
		{287EEAD4-7FEF-4444-A683-0A088A33D655}.editor_debug|Win32.Build.0 = Release|Win32
		{287EEAD4-7FEF-4444-A683-0A088A33D655}.editor_release|Any CPU.ActiveCfg = Release_editor|Win32
		{287EEAD4-7FEF-4444-A683-0A088A33D655}.editor_release|Mixed Platforms.ActiveCfg = Release_editor|Win32
		{287EEAD4-7FEF-4444-A683-0A088A33D655}.editor_release|Mixed Platforms.Build.0 = Release_editor|Win32
		{287EEAD4-7FEF-4444-A683-0A088A33D655}.editor_release|Win32.ActiveCfg = Release|Win32
		{287EEAD4-7FEF-4444-A683-0A088A33D655}.editor_release|Win32.Build.0 = Release|Win32
		{287EEAD4-7FEF-4444-A683-0A088A33D655}.Release_editor|Any CPU.ActiveCfg = Release_editor|Win32
		{287EEAD4-7FEF-4444-A683-0A088A33D655}.Release_editor|Mixed Platforms.ActiveCfg = Release_editor|Win32
		{287EEAD4-7FEF-4444-A683-0A088A33D655}.Release_editor|Mixed Platforms.Build.0 = Release_editor|Win32
		{287EEAD4-7FEF-4444-A683-0A088A33D655}.Release_editor|Win32.ActiveCfg = Release_editor|Win32
		{287EEAD4-7FEF-4444-A683-0A088A33D655}.Release_editor|Win32.Build.0 = Release_editor|Win32
		{287EEAD4-7FEF-4444-A683-0A088A33D655}.Release|Any CPU.ActiveCfg = Release|Win32
		{287EEAD4-7FEF-4444-A683-0A088A33D655}.Release|Mixed Platforms.ActiveCfg = Release|Win32
		{287EEAD4-7FEF-4444-A683-0A088A33D655}.Release|Mixed Platforms.Build.0 = Release|Win32
		{287EEAD4-7FEF-4444-A683-0A088A33D655}.Release|Win32.ActiveCfg = Release|Win32
		{287EEAD4-7FEF-4444-A683-0A088A33D655}.Release|Win32.Build.0 = Release|Win32
		{DDC3E27F-004D-4DD4-9DD3-931A013D2159}.Debug|Any CPU.ActiveCfg = Debug|Win32
		{DDC3E27F-004D-4DD4-9DD3-931A013D2159}.Debug|Mixed Platforms.ActiveCfg = Debug|Win32
		{DDC3E27F-004D-4DD4-9DD3-931A013D2159}.Debug|Mixed Platforms.Build.0 = Debug|Win32
		{DDC3E27F-004D-4DD4-9DD3-931A013D2159}.Debug|Win32.ActiveCfg = Debug|Win32
		{DDC3E27F-004D-4DD4-9DD3-931A013D2159}.Debug|Win32.Build.0 = Debug|Win32
		{DDC3E27F-004D-4DD4-9DD3-931A013D2159}.editor_debug|Any CPU.ActiveCfg = Release|Win32
		{DDC3E27F-004D-4DD4-9DD3-931A013D2159}.editor_debug|Mixed Platforms.ActiveCfg = Release|Win32
		{DDC3E27F-004D-4DD4-9DD3-931A013D2159}.editor_debug|Mixed Platforms.Build.0 = Release|Win32
		{DDC3E27F-004D-4DD4-9DD3-931A013D2159}.editor_debug|Win32.ActiveCfg = Release|Win32
		{DDC3E27F-004D-4DD4-9DD3-931A013D2159}.editor_debug|Win32.Build.0 = Release|Win32
		{DDC3E27F-004D-4DD4-9DD3-931A013D2159}.editor_release|Any CPU.ActiveCfg = Release|Win32
		{DDC3E27F-004D-4DD4-9DD3-931A013D2159}.editor_release|Mixed Platforms.ActiveCfg = Release|Win32
		{DDC3E27F-004D-4DD4-9DD3-931A013D2159}.editor_release|Mixed Platforms.Build.0 = Release|Win32
		{DDC3E27F-004D-4DD4-9DD3-931A013D2159}.editor_release|Win32.ActiveCfg = Release|Win32
		{DDC3E27F-004D-4DD4-9DD3-931A013D2159}.editor_release|Win32.Build.0 = Release|Win32
		{DDC3E27F-004D-4DD4-9DD3-931A013D2159}.Release_editor|Any CPU.ActiveCfg = Release|Win32
		{DDC3E27F-004D-4DD4-9DD3-931A013D2159}.Release_editor|Mixed Platforms.ActiveCfg = Release|Win32
		{DDC3E27F-004D-4DD4-9DD3-931A013D2159}.Release_editor|Mixed Platforms.Build.0 = Release|Win32
		{DDC3E27F-004D-4DD4-9DD3-931A013D2159}.Release_editor|Win32.ActiveCfg = Release|Win32
		{DDC3E27F-004D-4DD4-9DD3-931A013D2159}.Release_editor|Win32.Build.0 = Release|Win32
		{DDC3E27F-004D-4DD4-9DD3-931A013D2159}.Release|Any CPU.ActiveCfg = Release|Win32
		{DDC3E27F-004D-4DD4-9DD3-931A013D2159}.Release|Mixed Platforms.ActiveCfg = Release|Win32
		{DDC3E27F-004D-4DD4-9DD3-931A013D2159}.Release|Mixed Platforms.Build.0 = Release|Win32
		{DDC3E27F-004D-4DD4-9DD3-931A013D2159}.Release|Win32.ActiveCfg = Release|Win32
		{DDC3E27F-004D-4DD4-9DD3-931A013D2159}.Release|Win32.Build.0 = Release|Win32
		{3F870279-9765-4652-B0A1-F36890152348}.Debug|Any CPU.ActiveCfg = Debug|Win32
		{3F870279-9765-4652-B0A1-F36890152348}.Debug|Mixed Platforms.ActiveCfg = Debug|Win32
		{3F870279-9765-4652-B0A1-F36890152348}.Debug|Mixed Platforms.Build.0 = Debug|Win32
		{3F870279-9765-4652-B0A1-F36890152348}.Debug|Win32.ActiveCfg = Debug|Win32
		{3F870279-9765-4652-B0A1-F36890152348}.Debug|Win32.Build.0 = Debug|Win32
		{3F870279-9765-4652-B0A1-F36890152348}.editor_debug|Any CPU.ActiveCfg = Release|Win32
		{3F870279-9765-4652-B0A1-F36890152348}.editor_debug|Mixed Platforms.ActiveCfg = Release|Win32
		{3F870279-9765-4652-B0A1-F36890152348}.editor_debug|Mixed Platforms.Build.0 = Release|Win32
		{3F870279-9765-4652-B0A1-F36890152348}.editor_debug|Win32.ActiveCfg = Release|Win32
		{3F870279-9765-4652-B0A1-F36890152348}.editor_debug|Win32.Build.0 = Release|Win32
		{3F870279-9765-4652-B0A1-F36890152348}.editor_release|Any CPU.ActiveCfg = Release|Win32
		{3F870279-9765-4652-B0A1-F36890152348}.editor_release|Mixed Platforms.ActiveCfg = Release|Win32
		{3F870279-9765-4652-B0A1-F36890152348}.editor_release|Mixed Platforms.Build.0 = Release|Win32
		{3F870279-9765-4652-B0A1-F36890152348}.editor_release|Win32.ActiveCfg = Release|Win32
		{3F870279-9765-4652-B0A1-F36890152348}.editor_release|Win32.Build.0 = Release|Win32
		{3F870279-9765-4652-B0A1-F36890152348}.Release_editor|Any CPU.ActiveCfg = Release|Win32
		{3F870279-9765-4652-B0A1-F36890152348}.Release_editor|Mixed Platforms.ActiveCfg = Release|Win32
		{3F870279-9765-4652-B0A1-F36890152348}.Release_editor|Mixed Platforms.Build.0 = Release|Win32
		{3F870279-9765-4652-B0A1-F36890152348}.Release_editor|Win32.ActiveCfg = Release|Win32
		{3F870279-9765-4652-B0A1-F36890152348}.Release_editor|Win32.Build.0 = Release|Win32
		{3F870279-9765-4652-B0A1-F36890152348}.Release|Any CPU.ActiveCfg = Release|Win32
		{3F870279-9765-4652-B0A1-F36890152348}.Release|Mixed Platforms.ActiveCfg = Release|Win32
		{3F870279-9765-4652-B0A1-F36890152348}.Release|Mixed Platforms.Build.0 = Release|Win32
		{3F870279-9765-4652-B0A1-F36890152348}.Release|Win32.ActiveCfg = Release|Win32
		{3F870279-9765-4652-B0A1-F36890152348}.Release|Win32.Build.0 = Release|Win32
		{3621FB9B-57DA-4C5D-8C54-EB2D6566D24A}.Debug|Any CPU.ActiveCfg = Debug|Win32
		{3621FB9B-57DA-4C5D-8C54-EB2D6566D24A}.Debug|Mixed Platforms.ActiveCfg = Debug|Win32
		{3621FB9B-57DA-4C5D-8C54-EB2D6566D24A}.Debug|Mixed Platforms.Build.0 = Debug|Win32
		{3621FB9B-57DA-4C5D-8C54-EB2D6566D24A}.Debug|Win32.ActiveCfg = Debug|Win32
		{3621FB9B-57DA-4C5D-8C54-EB2D6566D24A}.Debug|Win32.Build.0 = Debug|Win32
		{3621FB9B-57DA-4C5D-8C54-EB2D6566D24A}.editor_debug|Any CPU.ActiveCfg = Release|Win32
		{3621FB9B-57DA-4C5D-8C54-EB2D6566D24A}.editor_debug|Mixed Platforms.ActiveCfg = Release|Win32
		{3621FB9B-57DA-4C5D-8C54-EB2D6566D24A}.editor_debug|Mixed Platforms.Build.0 = Release|Win32
		{3621FB9B-57DA-4C5D-8C54-EB2D6566D24A}.editor_debug|Win32.ActiveCfg = Release|Win32
		{3621FB9B-57DA-4C5D-8C54-EB2D6566D24A}.editor_debug|Win32.Build.0 = Release|Win32
		{3621FB9B-57DA-4C5D-8C54-EB2D6566D24A}.editor_release|Any CPU.ActiveCfg = Release|Win32
		{3621FB9B-57DA-4C5D-8C54-EB2D6566D24A}.editor_release|Mixed Platforms.ActiveCfg = Release|Win32
		{3621FB9B-57DA-4C5D-8C54-EB2D6566D24A}.editor_release|Mixed Platforms.Build.0 = Release|Win32
		{3621FB9B-57DA-4C5D-8C54-EB2D6566D24A}.editor_release|Win32.ActiveCfg = Release|Win32
		{3621FB9B-57DA-4C5D-8C54-EB2D6566D24A}.editor_release|Win32.Build.0 = Release|Win32
		{3621FB9B-57DA-4C5D-8C54-EB2D6566D24A}.Release_editor|Any CPU.ActiveCfg = Release|Win32
		{3621FB9B-57DA-4C5D-8C54-EB2D6566D24A}.Release_editor|Mixed Platforms.ActiveCfg = Release|Win32
		{3621FB9B-57DA-4C5D-8C54-EB2D6566D24A}.Release_editor|Mixed Platforms.Build.0 = Release|Win32
		{3621FB9B-57DA-4C5D-8C54-EB2D6566D24A}.Release_editor|Win32.ActiveCfg = Release|Win32
		{3621FB9B-57DA-4C5D-8C54-EB2D6566D24A}.Release_editor|Win32.Build.0 = Release|Win32
		{3621FB9B-57DA-4C5D-8C54-EB2D6566D24A}.Release|Any CPU.ActiveCfg = Release|Win32
		{3621FB9B-57DA-4C5D-8C54-EB2D6566D24A}.Release|Mixed Platforms.ActiveCfg = Release|Win32
		{3621FB9B-57DA-4C5D-8C54-EB2D6566D24A}.Release|Mixed Platforms.Build.0 = Release|Win32
		{3621FB9B-57DA-4C5D-8C54-EB2D6566D24A}.Release|Win32.ActiveCfg = Release|Win32
		{3621FB9B-57DA-4C5D-8C54-EB2D6566D24A}.Release|Win32.Build.0 = Release|Win32
		{130ED192-9C5D-4739-A5ED-172ABC616BA8}.Debug|Any CPU.ActiveCfg = Debug|Win32
		{130ED192-9C5D-4739-A5ED-172ABC616BA8}.Debug|Mixed Platforms.ActiveCfg = Debug|Win32
		{130ED192-9C5D-4739-A5ED-172ABC616BA8}.Debug|Mixed Platforms.Build.0 = Debug|Win32
		{130ED192-9C5D-4739-A5ED-172ABC616BA8}.Debug|Win32.ActiveCfg = Debug|Win32
		{130ED192-9C5D-4739-A5ED-172ABC616BA8}.Debug|Win32.Build.0 = Debug|Win32
		{130ED192-9C5D-4739-A5ED-172ABC616BA8}.editor_debug|Any CPU.ActiveCfg = editor_debug|Win32
		{130ED192-9C5D-4739-A5ED-172ABC616BA8}.editor_debug|Mixed Platforms.ActiveCfg = editor_debug|Win32
		{130ED192-9C5D-4739-A5ED-172ABC616BA8}.editor_debug|Mixed Platforms.Build.0 = editor_debug|Win32
		{130ED192-9C5D-4739-A5ED-172ABC616BA8}.editor_debug|Win32.ActiveCfg = editor_debug|Win32
		{130ED192-9C5D-4739-A5ED-172ABC616BA8}.editor_debug|Win32.Build.0 = editor_debug|Win32
		{130ED192-9C5D-4739-A5ED-172ABC616BA8}.editor_release|Any CPU.ActiveCfg = editor_release|Win32
		{130ED192-9C5D-4739-A5ED-172ABC616BA8}.editor_release|Mixed Platforms.ActiveCfg = editor_release|Win32
		{130ED192-9C5D-4739-A5ED-172ABC616BA8}.editor_release|Mixed Platforms.Build.0 = editor_release|Win32
		{130ED192-9C5D-4739-A5ED-172ABC616BA8}.editor_release|Win32.ActiveCfg = editor_release|Win32
		{130ED192-9C5D-4739-A5ED-172ABC616BA8}.editor_release|Win32.Build.0 = editor_release|Win32
		{130ED192-9C5D-4739-A5ED-172ABC616BA8}.Release_editor|Any CPU.ActiveCfg = Release|Win32
		{130ED192-9C5D-4739-A5ED-172ABC616BA8}.Release_editor|Mixed Platforms.ActiveCfg = Release|Win32
		{130ED192-9C5D-4739-A5ED-172ABC616BA8}.Release_editor|Mixed Platforms.Build.0 = Release|Win32
		{130ED192-9C5D-4739-A5ED-172ABC616BA8}.Release_editor|Win32.ActiveCfg = Release|Win32
		{130ED192-9C5D-4739-A5ED-172ABC616BA8}.Release_editor|Win32.Build.0 = Release|Win32
		{130ED192-9C5D-4739-A5ED-172ABC616BA8}.Release|Any CPU.ActiveCfg = Release|Win32
		{130ED192-9C5D-4739-A5ED-172ABC616BA8}.Release|Mixed Platforms.ActiveCfg = Release|Win32
		{130ED192-9C5D-4739-A5ED-172ABC616BA8}.Release|Mixed Platforms.Build.0 = Release|Win32
		{130ED192-9C5D-4739-A5ED-172ABC616BA8}.Release|Win32.ActiveCfg = Release|Win32
		{130ED192-9C5D-4739-A5ED-172ABC616BA8}.Release|Win32.Build.0 = Release|Win32
	EndGlobalSection
	GlobalSection(SolutionProperties) = preSolution
		HideSolutionNode = FALSE
	EndGlobalSection
EndGlobal
